
Microsoft Visual Studio Solution File, Format Version 12.00
# Visual Studio Version 16
VisualStudioVersion = 16.0.29728.190
MinimumVisualStudioVersion = 10.0.40219.1
Project("{FAE04EC0-301F-11D3-BF4B-00C04F79EFBC}") = "SerwerTCP", "SerwerTCP\SerwerTCP.csproj", "{4620B7DF-798A-4C82-B735-064C48D262E2}"
EndProject
Global
	GlobalSection(SolutionConfigurationPlatforms) = preSolution
		Debug|Any CPU = Debug|Any CPU
		Release|Any CPU = Release|Any CPU
	EndGlobalSection
	GlobalSection(ProjectConfigurationPlatforms) = postSolution
		{4620B7DF-798A-4C82-B735-064C48D262E2}.Debug|Any CPU.ActiveCfg = Debug|Any CPU
		{4620B7DF-798A-4C82-B735-064C48D262E2}.Debug|Any CPU.Build.0 = Debug|Any CPU
		{4620B7DF-798A-4C82-B735-064C48D262E2}.Release|Any CPU.ActiveCfg = Release|Any CPU
		{4620B7DF-798A-4C82-B735-064C48D262E2}.Release|Any CPU.Build.0 = Release|Any CPU
	EndGlobalSection
	GlobalSection(SolutionProperties) = preSolution
		HideSolutionNode = FALSE
	EndGlobalSection
	GlobalSection(ExtensibilityGlobals) = postSolution
		SolutionGuid = {40FBD0C1-F2E2-4509-ADDF-65482B6C7C6B}
	EndGlobalSection
EndGlobal
